
Microsoft Visual Studio Solution File, Format Version 12.00
# Visual Studio Version 17
VisualStudioVersion = 17.0.31903.59
MinimumVisualStudioVersion = 10.0.40219.1
Project("{2150E333-8FDC-42A3-9474-1A3956D46DE8}") = "src", "src", "{827E0CD3-B72D-47B6-A68D-7590B98EB39B}"
EndProject
Project("{FAE04EC0-301F-11D3-BF4B-00C04F79EFBC}") = "Agentwerke.Api", "src\Agentwerke.Api\Agentwerke.Api.csproj", "{D7653921-B2D7-4A6F-9CF0-7E8F24ABC366}"
EndProject
Project("{FAE04EC0-301F-11D3-BF4B-00C04F79EFBC}") = "Agentwerke.Application", "src\Agentwerke.Application\Agentwerke.Application.csproj", "{E01FAAAC-6329-4367-B055-C5236B0452B8}"
EndProject
Project("{FAE04EC0-301F-11D3-BF4B-00C04F79EFBC}") = "Agentwerke.Domain", "src\Agentwerke.Domain\Agentwerke.Domain.csproj", "{BAC72BBC-2226-40AB-9207-EEFBA1B52BA8}"
EndProject
Project("{FAE04EC0-301F-11D3-BF4B-00C04F79EFBC}") = "Agentwerke.Infrastructure", "src\Agentwerke.Infrastructure\Agentwerke.Infrastructure.csproj", "{91F49D56-C0FD-4DAB-BD15-6F42A29673B4}"
EndProject
Project("{FAE04EC0-301F-11D3-BF4B-00C04F79EFBC}") = "Agentwerke.Workflows", "src\Agentwerke.Workflows\Agentwerke.Workflows.csproj", "{9CB7342B-7CB8-45C6-A5A8-390974ABDD2D}"
EndProject
Project("{FAE04EC0-301F-11D3-BF4B-00C04F79EFBC}") = "Agentwerke.Agents", "src\Agentwerke.Agents\Agentwerke.Agents.csproj", "{FC59A049-EBD3-420B-A935-6B6ED6250C09}"
EndProject
Project("{FAE04EC0-301F-11D3-BF4B-00C04F79EFBC}") = "Agentwerke.AgentRunner", "src\Agentwerke.AgentRunner\Agentwerke.AgentRunner.csproj", "{6C79A3B1-0E2C-4F2D-A1B0-6E2F5D4C9A11}"
EndProject
Project("{FAE04EC0-301F-11D3-BF4B-00C04F79EFBC}") = "Agentwerke.AgentSecOps", "src\Agentwerke.AgentSecOps\Agentwerke.AgentSecOps.csproj", "{7A8A1C7B-46A4-4C40-B796-661E868618B9}"
EndProject
Project("{FAE04EC0-301F-11D3-BF4B-00C04F79EFBC}") = "Agentwerke.Sandboxes", "src\Agentwerke.Sandboxes\Agentwerke.Sandboxes.csproj", "{333870D6-FED3-4F3E-A7E2-BBBD072DB1CF}"
EndProject
Project("{FAE04EC0-301F-11D3-BF4B-00C04F79EFBC}") = "Agentwerke.Integrations", "src\Agentwerke.Integrations\Agentwerke.Integrations.csproj", "{592FB897-40DF-48E7-99A4-61EB9F678EB3}"
EndProject
Project("{FAE04EC0-301F-11D3-BF4B-00C04F79EFBC}") = "Agentwerke.Storage", "src\Agentwerke.Storage\Agentwerke.Storage.csproj", "{8892FCF0-B75B-45C3-A173-87EE96696C34}"
EndProject
Project("{FAE04EC0-301F-11D3-BF4B-00C04F79EFBC}") = "Agentwerke.Observability", "src\Agentwerke.Observability\Agentwerke.Observability.csproj", "{2C3B489E-3353-47D2-9464-71FFFBFFDB24}"
EndProject
Project("{FAE04EC0-301F-11D3-BF4B-00C04F79EFBC}") = "Agentwerke.Domain.Tests", "tests\Agentwerke.Domain.Tests\Agentwerke.Domain.Tests.csproj", "{0B34BD71-2B22-49A1-93DC-C916F3BE86EF}"
EndProject
Project("{2150E333-8FDC-42A3-9474-1A3956D46DE8}") = "tests", "tests", "{0AB3BF05-4346-4AA6-1389-037BE0695223}"
EndProject
Project("{FAE04EC0-301F-11D3-BF4B-00C04F79EFBC}") = "Agentwerke.Workflows.Tests", "tests\Agentwerke.Workflows.Tests\Agentwerke.Workflows.Tests.csproj", "{E3D3E429-3E60-43F9-9257-67939072A84F}"
EndProject
Project("{FAE04EC0-301F-11D3-BF4B-00C04F79EFBC}") = "Agentwerke.Application.Tests", "tests\Agentwerke.Application.Tests\Agentwerke.Application.Tests.csproj", "{62FD938D-3864-4A31-B963-04CF42E40C99}"
EndProject
Project("{FAE04EC0-301F-11D3-BF4B-00C04F79EFBC}") = "Agentwerke.Agents.Tests", "tests\Agentwerke.Agents.Tests\Agentwerke.Agents.Tests.csproj", "{915273E3-7BB5-4C15-BFF4-5473EB552B97}"
EndProject
Project("{FAE04EC0-301F-11D3-BF4B-00C04F79EFBC}") = "Agentwerke.E2ETests", "tests\Agentwerke.E2ETests\Agentwerke.E2ETests.csproj", "{EF8B0411-42CB-4F53-B55A-5D08AB652153}"
EndProject
Project("{FAE04EC0-301F-11D3-BF4B-00C04F79EFBC}") = "Agentwerke.Api.Tests", "tests\Agentwerke.Api.Tests\Agentwerke.Api.Tests.csproj", "{B8DBC94E-96F7-436B-B4C6-308F19E28965}"
EndProject
Project("{FAE04EC0-301F-11D3-BF4B-00C04F79EFBC}") = "Agentwerke.Integrations.Tests", "tests\Agentwerke.Integrations.Tests\Agentwerke.Integrations.Tests.csproj", "{A1C2D3E4-5F6A-7B8C-9D0E-1F2A3B4C5D6E}"
EndProject
Project("{FAE04EC0-301F-11D3-BF4B-00C04F79EFBC}") = "Agentwerke.Sandboxes.Tests", "tests\Agentwerke.Sandboxes.Tests\Agentwerke.Sandboxes.Tests.csproj", "{B2C3D4E5-6F7A-8B9C-0D1E-2F3A4B5C6D7F}"
EndProject
Global
	GlobalSection(SolutionConfigurationPlatforms) = preSolution
		Debug|Any CPU = Debug|Any CPU
		Debug|x64 = Debug|x64
		Debug|x86 = Debug|x86
		Release|Any CPU = Release|Any CPU
		Release|x64 = Release|x64
		Release|x86 = Release|x86
	EndGlobalSection
	GlobalSection(ProjectConfigurationPlatforms) = postSolution
		{D7653921-B2D7-4A6F-9CF0-7E8F24ABC366}.Debug|Any CPU.ActiveCfg = Debug|Any CPU
		{D7653921-B2D7-4A6F-9CF0-7E8F24ABC366}.Debug|Any CPU.Build.0 = Debug|Any CPU
		{D7653921-B2D7-4A6F-9CF0-7E8F24ABC366}.Debug|x64.ActiveCfg = Debug|Any CPU
		{D7653921-B2D7-4A6F-9CF0-7E8F24ABC366}.Debug|x64.Build.0 = Debug|Any CPU
		{D7653921-B2D7-4A6F-9CF0-7E8F24ABC366}.Debug|x86.ActiveCfg = Debug|Any CPU
		{D7653921-B2D7-4A6F-9CF0-7E8F24ABC366}.Debug|x86.Build.0 = Debug|Any CPU
		{D7653921-B2D7-4A6F-9CF0-7E8F24ABC366}.Release|Any CPU.ActiveCfg = Release|Any CPU
		{D7653921-B2D7-4A6F-9CF0-7E8F24ABC366}.Release|Any CPU.Build.0 = Release|Any CPU
		{D7653921-B2D7-4A6F-9CF0-7E8F24ABC366}.Release|x64.ActiveCfg = Release|Any CPU
		{D7653921-B2D7-4A6F-9CF0-7E8F24ABC366}.Release|x64.Build.0 = Release|Any CPU
		{D7653921-B2D7-4A6F-9CF0-7E8F24ABC366}.Release|x86.ActiveCfg = Release|Any CPU
		{D7653921-B2D7-4A6F-9CF0-7E8F24ABC366}.Release|x86.Build.0 = Release|Any CPU
		{E01FAAAC-6329-4367-B055-C5236B0452B8}.Debug|Any CPU.ActiveCfg = Debug|Any CPU
		{E01FAAAC-6329-4367-B055-C5236B0452B8}.Debug|Any CPU.Build.0 = Debug|Any CPU
		{E01FAAAC-6329-4367-B055-C5236B0452B8}.Debug|x64.ActiveCfg = Debug|Any CPU
		{E01FAAAC-6329-4367-B055-C5236B0452B8}.Debug|x64.Build.0 = Debug|Any CPU
		{E01FAAAC-6329-4367-B055-C5236B0452B8}.Debug|x86.ActiveCfg = Debug|Any CPU
		{E01FAAAC-6329-4367-B055-C5236B0452B8}.Debug|x86.Build.0 = Debug|Any CPU
		{E01FAAAC-6329-4367-B055-C5236B0452B8}.Release|Any CPU.ActiveCfg = Release|Any CPU
		{E01FAAAC-6329-4367-B055-C5236B0452B8}.Release|Any CPU.Build.0 = Release|Any CPU
		{E01FAAAC-6329-4367-B055-C5236B0452B8}.Release|x64.ActiveCfg = Release|Any CPU
		{E01FAAAC-6329-4367-B055-C5236B0452B8}.Release|x64.Build.0 = Release|Any CPU
		{E01FAAAC-6329-4367-B055-C5236B0452B8}.Release|x86.ActiveCfg = Release|Any CPU
		{E01FAAAC-6329-4367-B055-C5236B0452B8}.Release|x86.Build.0 = Release|Any CPU
		{BAC72BBC-2226-40AB-9207-EEFBA1B52BA8}.Debug|Any CPU.ActiveCfg = Debug|Any CPU
		{BAC72BBC-2226-40AB-9207-EEFBA1B52BA8}.Debug|Any CPU.Build.0 = Debug|Any CPU
		{BAC72BBC-2226-40AB-9207-EEFBA1B52BA8}.Debug|x64.ActiveCfg = Debug|Any CPU
		{BAC72BBC-2226-40AB-9207-EEFBA1B52BA8}.Debug|x64.Build.0 = Debug|Any CPU
		{BAC72BBC-2226-40AB-9207-EEFBA1B52BA8}.Debug|x86.ActiveCfg = Debug|Any CPU
		{BAC72BBC-2226-40AB-9207-EEFBA1B52BA8}.Debug|x86.Build.0 = Debug|Any CPU
		{BAC72BBC-2226-40AB-9207-EEFBA1B52BA8}.Release|Any CPU.ActiveCfg = Release|Any CPU
		{BAC72BBC-2226-40AB-9207-EEFBA1B52BA8}.Release|Any CPU.Build.0 = Release|Any CPU
		{BAC72BBC-2226-40AB-9207-EEFBA1B52BA8}.Release|x64.ActiveCfg = Release|Any CPU
		{BAC72BBC-2226-40AB-9207-EEFBA1B52BA8}.Release|x64.Build.0 = Release|Any CPU
		{BAC72BBC-2226-40AB-9207-EEFBA1B52BA8}.Release|x86.ActiveCfg = Release|Any CPU
		{BAC72BBC-2226-40AB-9207-EEFBA1B52BA8}.Release|x86.Build.0 = Release|Any CPU
		{91F49D56-C0FD-4DAB-BD15-6F42A29673B4}.Debug|Any CPU.ActiveCfg = Debug|Any CPU
		{91F49D56-C0FD-4DAB-BD15-6F42A29673B4}.Debug|Any CPU.Build.0 = Debug|Any CPU
		{91F49D56-C0FD-4DAB-BD15-6F42A29673B4}.Debug|x64.ActiveCfg = Debug|Any CPU
		{91F49D56-C0FD-4DAB-BD15-6F42A29673B4}.Debug|x64.Build.0 = Debug|Any CPU
		{91F49D56-C0FD-4DAB-BD15-6F42A29673B4}.Debug|x86.ActiveCfg = Debug|Any CPU
		{91F49D56-C0FD-4DAB-BD15-6F42A29673B4}.Debug|x86.Build.0 = Debug|Any CPU
		{91F49D56-C0FD-4DAB-BD15-6F42A29673B4}.Release|Any CPU.ActiveCfg = Release|Any CPU
		{91F49D56-C0FD-4DAB-BD15-6F42A29673B4}.Release|Any CPU.Build.0 = Release|Any CPU
		{91F49D56-C0FD-4DAB-BD15-6F42A29673B4}.Release|x64.ActiveCfg = Release|Any CPU
		{91F49D56-C0FD-4DAB-BD15-6F42A29673B4}.Release|x64.Build.0 = Release|Any CPU
		{91F49D56-C0FD-4DAB-BD15-6F42A29673B4}.Release|x86.ActiveCfg = Release|Any CPU
		{91F49D56-C0FD-4DAB-BD15-6F42A29673B4}.Release|x86.Build.0 = Release|Any CPU
		{9CB7342B-7CB8-45C6-A5A8-390974ABDD2D}.Debug|Any CPU.ActiveCfg = Debug|Any CPU
		{9CB7342B-7CB8-45C6-A5A8-390974ABDD2D}.Debug|Any CPU.Build.0 = Debug|Any CPU
		{9CB7342B-7CB8-45C6-A5A8-390974ABDD2D}.Debug|x64.ActiveCfg = Debug|Any CPU
		{9CB7342B-7CB8-45C6-A5A8-390974ABDD2D}.Debug|x64.Build.0 = Debug|Any CPU
		{9CB7342B-7CB8-45C6-A5A8-390974ABDD2D}.Debug|x86.ActiveCfg = Debug|Any CPU
		{9CB7342B-7CB8-45C6-A5A8-390974ABDD2D}.Debug|x86.Build.0 = Debug|Any CPU
		{9CB7342B-7CB8-45C6-A5A8-390974ABDD2D}.Release|Any CPU.ActiveCfg = Release|Any CPU
		{9CB7342B-7CB8-45C6-A5A8-390974ABDD2D}.Release|Any CPU.Build.0 = Release|Any CPU
		{9CB7342B-7CB8-45C6-A5A8-390974ABDD2D}.Release|x64.ActiveCfg = Release|Any CPU
		{9CB7342B-7CB8-45C6-A5A8-390974ABDD2D}.Release|x64.Build.0 = Release|Any CPU
		{9CB7342B-7CB8-45C6-A5A8-390974ABDD2D}.Release|x86.ActiveCfg = Release|Any CPU
		{9CB7342B-7CB8-45C6-A5A8-390974ABDD2D}.Release|x86.Build.0 = Release|Any CPU
		{FC59A049-EBD3-420B-A935-6B6ED6250C09}.Debug|Any CPU.ActiveCfg = Debug|Any CPU
		{FC59A049-EBD3-420B-A935-6B6ED6250C09}.Debug|Any CPU.Build.0 = Debug|Any CPU
		{FC59A049-EBD3-420B-A935-6B6ED6250C09}.Debug|x64.ActiveCfg = Debug|Any CPU
		{FC59A049-EBD3-420B-A935-6B6ED6250C09}.Debug|x64.Build.0 = Debug|Any CPU
		{FC59A049-EBD3-420B-A935-6B6ED6250C09}.Debug|x86.ActiveCfg = Debug|Any CPU
		{FC59A049-EBD3-420B-A935-6B6ED6250C09}.Debug|x86.Build.0 = Debug|Any CPU
		{FC59A049-EBD3-420B-A935-6B6ED6250C09}.Release|Any CPU.ActiveCfg = Release|Any CPU
		{FC59A049-EBD3-420B-A935-6B6ED6250C09}.Release|Any CPU.Build.0 = Release|Any CPU
		{FC59A049-EBD3-420B-A935-6B6ED6250C09}.Release|x64.ActiveCfg = Release|Any CPU
		{FC59A049-EBD3-420B-A935-6B6ED6250C09}.Release|x64.Build.0 = Release|Any CPU
		{FC59A049-EBD3-420B-A935-6B6ED6250C09}.Release|x86.ActiveCfg = Release|Any CPU
		{FC59A049-EBD3-420B-A935-6B6ED6250C09}.Release|x86.Build.0 = Release|Any CPU
		{6C79A3B1-0E2C-4F2D-A1B0-6E2F5D4C9A11}.Debug|Any CPU.ActiveCfg = Debug|Any CPU
		{6C79A3B1-0E2C-4F2D-A1B0-6E2F5D4C9A11}.Debug|Any CPU.Build.0 = Debug|Any CPU
		{6C79A3B1-0E2C-4F2D-A1B0-6E2F5D4C9A11}.Debug|x64.ActiveCfg = Debug|Any CPU
		{6C79A3B1-0E2C-4F2D-A1B0-6E2F5D4C9A11}.Debug|x64.Build.0 = Debug|Any CPU
		{6C79A3B1-0E2C-4F2D-A1B0-6E2F5D4C9A11}.Debug|x86.ActiveCfg = Debug|Any CPU
		{6C79A3B1-0E2C-4F2D-A1B0-6E2F5D4C9A11}.Debug|x86.Build.0 = Debug|Any CPU
		{6C79A3B1-0E2C-4F2D-A1B0-6E2F5D4C9A11}.Release|Any CPU.ActiveCfg = Release|Any CPU
		{6C79A3B1-0E2C-4F2D-A1B0-6E2F5D4C9A11}.Release|Any CPU.Build.0 = Release|Any CPU
		{6C79A3B1-0E2C-4F2D-A1B0-6E2F5D4C9A11}.Release|x64.ActiveCfg = Release|Any CPU
		{6C79A3B1-0E2C-4F2D-A1B0-6E2F5D4C9A11}.Release|x64.Build.0 = Release|Any CPU
		{6C79A3B1-0E2C-4F2D-A1B0-6E2F5D4C9A11}.Release|x86.ActiveCfg = Release|Any CPU
		{6C79A3B1-0E2C-4F2D-A1B0-6E2F5D4C9A11}.Release|x86.Build.0 = Release|Any CPU
		{7A8A1C7B-46A4-4C40-B796-661E868618B9}.Debug|Any CPU.ActiveCfg = Debug|Any CPU
		{7A8A1C7B-46A4-4C40-B796-661E868618B9}.Debug|Any CPU.Build.0 = Debug|Any CPU
		{7A8A1C7B-46A4-4C40-B796-661E868618B9}.Debug|x64.ActiveCfg = Debug|Any CPU
		{7A8A1C7B-46A4-4C40-B796-661E868618B9}.Debug|x64.Build.0 = Debug|Any CPU
		{7A8A1C7B-46A4-4C40-B796-661E868618B9}.Debug|x86.ActiveCfg = Debug|Any CPU
		{7A8A1C7B-46A4-4C40-B796-661E868618B9}.Debug|x86.Build.0 = Debug|Any CPU
		{7A8A1C7B-46A4-4C40-B796-661E868618B9}.Release|Any CPU.ActiveCfg = Release|Any CPU
		{7A8A1C7B-46A4-4C40-B796-661E868618B9}.Release|Any CPU.Build.0 = Release|Any CPU
		{7A8A1C7B-46A4-4C40-B796-661E868618B9}.Release|x64.ActiveCfg = Release|Any CPU
		{7A8A1C7B-46A4-4C40-B796-661E868618B9}.Release|x64.Build.0 = Release|Any CPU
		{7A8A1C7B-46A4-4C40-B796-661E868618B9}.Release|x86.ActiveCfg = Release|Any CPU
		{7A8A1C7B-46A4-4C40-B796-661E868618B9}.Release|x86.Build.0 = Release|Any CPU
		{333870D6-FED3-4F3E-A7E2-BBBD072DB1CF}.Debug|Any CPU.ActiveCfg = Debug|Any CPU
		{333870D6-FED3-4F3E-A7E2-BBBD072DB1CF}.Debug|Any CPU.Build.0 = Debug|Any CPU
		{333870D6-FED3-4F3E-A7E2-BBBD072DB1CF}.Debug|x64.ActiveCfg = Debug|Any CPU
		{333870D6-FED3-4F3E-A7E2-BBBD072DB1CF}.Debug|x64.Build.0 = Debug|Any CPU
		{333870D6-FED3-4F3E-A7E2-BBBD072DB1CF}.Debug|x86.ActiveCfg = Debug|Any CPU
		{333870D6-FED3-4F3E-A7E2-BBBD072DB1CF}.Debug|x86.Build.0 = Debug|Any CPU
		{333870D6-FED3-4F3E-A7E2-BBBD072DB1CF}.Release|Any CPU.ActiveCfg = Release|Any CPU
		{333870D6-FED3-4F3E-A7E2-BBBD072DB1CF}.Release|Any CPU.Build.0 = Release|Any CPU
		{333870D6-FED3-4F3E-A7E2-BBBD072DB1CF}.Release|x64.ActiveCfg = Release|Any CPU
		{333870D6-FED3-4F3E-A7E2-BBBD072DB1CF}.Release|x64.Build.0 = Release|Any CPU
		{333870D6-FED3-4F3E-A7E2-BBBD072DB1CF}.Release|x86.ActiveCfg = Release|Any CPU
		{333870D6-FED3-4F3E-A7E2-BBBD072DB1CF}.Release|x86.Build.0 = Release|Any CPU
		{592FB897-40DF-48E7-99A4-61EB9F678EB3}.Debug|Any CPU.ActiveCfg = Debug|Any CPU
		{592FB897-40DF-48E7-99A4-61EB9F678EB3}.Debug|Any CPU.Build.0 = Debug|Any CPU
		{592FB897-40DF-48E7-99A4-61EB9F678EB3}.Debug|x64.ActiveCfg = Debug|Any CPU
		{592FB897-40DF-48E7-99A4-61EB9F678EB3}.Debug|x64.Build.0 = Debug|Any CPU
		{592FB897-40DF-48E7-99A4-61EB9F678EB3}.Debug|x86.ActiveCfg = Debug|Any CPU
		{592FB897-40DF-48E7-99A4-61EB9F678EB3}.Debug|x86.Build.0 = Debug|Any CPU
		{592FB897-40DF-48E7-99A4-61EB9F678EB3}.Release|Any CPU.ActiveCfg = Release|Any CPU
		{592FB897-40DF-48E7-99A4-61EB9F678EB3}.Release|Any CPU.Build.0 = Release|Any CPU
		{592FB897-40DF-48E7-99A4-61EB9F678EB3}.Release|x64.ActiveCfg = Release|Any CPU
		{592FB897-40DF-48E7-99A4-61EB9F678EB3}.Release|x64.Build.0 = Release|Any CPU
		{592FB897-40DF-48E7-99A4-61EB9F678EB3}.Release|x86.ActiveCfg = Release|Any CPU
		{592FB897-40DF-48E7-99A4-61EB9F678EB3}.Release|x86.Build.0 = Release|Any CPU
		{8892FCF0-B75B-45C3-A173-87EE96696C34}.Debug|Any CPU.ActiveCfg = Debug|Any CPU
		{8892FCF0-B75B-45C3-A173-87EE96696C34}.Debug|Any CPU.Build.0 = Debug|Any CPU
		{8892FCF0-B75B-45C3-A173-87EE96696C34}.Debug|x64.ActiveCfg = Debug|Any CPU
		{8892FCF0-B75B-45C3-A173-87EE96696C34}.Debug|x64.Build.0 = Debug|Any CPU
		{8892FCF0-B75B-45C3-A173-87EE96696C34}.Debug|x86.ActiveCfg = Debug|Any CPU
		{8892FCF0-B75B-45C3-A173-87EE96696C34}.Debug|x86.Build.0 = Debug|Any CPU
		{8892FCF0-B75B-45C3-A173-87EE96696C34}.Release|Any CPU.ActiveCfg = Release|Any CPU
		{8892FCF0-B75B-45C3-A173-87EE96696C34}.Release|Any CPU.Build.0 = Release|Any CPU
		{8892FCF0-B75B-45C3-A173-87EE96696C34}.Release|x64.ActiveCfg = Release|Any CPU
		{8892FCF0-B75B-45C3-A173-87EE96696C34}.Release|x64.Build.0 = Release|Any CPU
		{8892FCF0-B75B-45C3-A173-87EE96696C34}.Release|x86.ActiveCfg = Release|Any CPU
		{8892FCF0-B75B-45C3-A173-87EE96696C34}.Release|x86.Build.0 = Release|Any CPU
		{2C3B489E-3353-47D2-9464-71FFFBFFDB24}.Debug|Any CPU.ActiveCfg = Debug|Any CPU
		{2C3B489E-3353-47D2-9464-71FFFBFFDB24}.Debug|Any CPU.Build.0 = Debug|Any CPU
		{2C3B489E-3353-47D2-9464-71FFFBFFDB24}.Debug|x64.ActiveCfg = Debug|Any CPU
		{2C3B489E-3353-47D2-9464-71FFFBFFDB24}.Debug|x64.Build.0 = Debug|Any CPU
		{2C3B489E-3353-47D2-9464-71FFFBFFDB24}.Debug|x86.ActiveCfg = Debug|Any CPU
		{2C3B489E-3353-47D2-9464-71FFFBFFDB24}.Debug|x86.Build.0 = Debug|Any CPU
		{2C3B489E-3353-47D2-9464-71FFFBFFDB24}.Release|Any CPU.ActiveCfg = Release|Any CPU
		{2C3B489E-3353-47D2-9464-71FFFBFFDB24}.Release|Any CPU.Build.0 = Release|Any CPU
		{2C3B489E-3353-47D2-9464-71FFFBFFDB24}.Release|x64.ActiveCfg = Release|Any CPU
		{2C3B489E-3353-47D2-9464-71FFFBFFDB24}.Release|x64.Build.0 = Release|Any CPU
		{2C3B489E-3353-47D2-9464-71FFFBFFDB24}.Release|x86.ActiveCfg = Release|Any CPU
		{2C3B489E-3353-47D2-9464-71FFFBFFDB24}.Release|x86.Build.0 = Release|Any CPU
		{0B34BD71-2B22-49A1-93DC-C916F3BE86EF}.Debug|Any CPU.ActiveCfg = Debug|Any CPU
		{0B34BD71-2B22-49A1-93DC-C916F3BE86EF}.Debug|Any CPU.Build.0 = Debug|Any CPU
		{0B34BD71-2B22-49A1-93DC-C916F3BE86EF}.Debug|x64.ActiveCfg = Debug|Any CPU
		{0B34BD71-2B22-49A1-93DC-C916F3BE86EF}.Debug|x64.Build.0 = Debug|Any CPU
		{0B34BD71-2B22-49A1-93DC-C916F3BE86EF}.Debug|x86.ActiveCfg = Debug|Any CPU
		{0B34BD71-2B22-49A1-93DC-C916F3BE86EF}.Debug|x86.Build.0 = Debug|Any CPU
		{0B34BD71-2B22-49A1-93DC-C916F3BE86EF}.Release|Any CPU.ActiveCfg = Release|Any CPU
		{0B34BD71-2B22-49A1-93DC-C916F3BE86EF}.Release|Any CPU.Build.0 = Release|Any CPU
		{0B34BD71-2B22-49A1-93DC-C916F3BE86EF}.Release|x64.ActiveCfg = Release|Any CPU
		{0B34BD71-2B22-49A1-93DC-C916F3BE86EF}.Release|x64.Build.0 = Release|Any CPU
		{0B34BD71-2B22-49A1-93DC-C916F3BE86EF}.Release|x86.ActiveCfg = Release|Any CPU
		{0B34BD71-2B22-49A1-93DC-C916F3BE86EF}.Release|x86.Build.0 = Release|Any CPU
		{E3D3E429-3E60-43F9-9257-67939072A84F}.Debug|Any CPU.ActiveCfg = Debug|Any CPU
		{E3D3E429-3E60-43F9-9257-67939072A84F}.Debug|Any CPU.Build.0 = Debug|Any CPU
		{E3D3E429-3E60-43F9-9257-67939072A84F}.Debug|x64.ActiveCfg = Debug|Any CPU
		{E3D3E429-3E60-43F9-9257-67939072A84F}.Debug|x64.Build.0 = Debug|Any CPU
		{E3D3E429-3E60-43F9-9257-67939072A84F}.Debug|x86.ActiveCfg = Debug|Any CPU
		{E3D3E429-3E60-43F9-9257-67939072A84F}.Debug|x86.Build.0 = Debug|Any CPU
		{E3D3E429-3E60-43F9-9257-67939072A84F}.Release|Any CPU.ActiveCfg = Release|Any CPU
		{E3D3E429-3E60-43F9-9257-67939072A84F}.Release|Any CPU.Build.0 = Release|Any CPU
		{E3D3E429-3E60-43F9-9257-67939072A84F}.Release|x64.ActiveCfg = Release|Any CPU
		{E3D3E429-3E60-43F9-9257-67939072A84F}.Release|x64.Build.0 = Release|Any CPU
		{E3D3E429-3E60-43F9-9257-67939072A84F}.Release|x86.ActiveCfg = Release|Any CPU
		{E3D3E429-3E60-43F9-9257-67939072A84F}.Release|x86.Build.0 = Release|Any CPU
		{62FD938D-3864-4A31-B963-04CF42E40C99}.Debug|Any CPU.ActiveCfg = Debug|Any CPU
		{62FD938D-3864-4A31-B963-04CF42E40C99}.Debug|Any CPU.Build.0 = Debug|Any CPU
		{62FD938D-3864-4A31-B963-04CF42E40C99}.Debug|x64.ActiveCfg = Debug|Any CPU
		{62FD938D-3864-4A31-B963-04CF42E40C99}.Debug|x64.Build.0 = Debug|Any CPU
		{62FD938D-3864-4A31-B963-04CF42E40C99}.Debug|x86.ActiveCfg = Debug|Any CPU
		{62FD938D-3864-4A31-B963-04CF42E40C99}.Debug|x86.Build.0 = Debug|Any CPU
		{62FD938D-3864-4A31-B963-04CF42E40C99}.Release|Any CPU.ActiveCfg = Release|Any CPU
		{62FD938D-3864-4A31-B963-04CF42E40C99}.Release|Any CPU.Build.0 = Release|Any CPU
		{62FD938D-3864-4A31-B963-04CF42E40C99}.Release|x64.ActiveCfg = Release|Any CPU
		{62FD938D-3864-4A31-B963-04CF42E40C99}.Release|x64.Build.0 = Release|Any CPU
		{62FD938D-3864-4A31-B963-04CF42E40C99}.Release|x86.ActiveCfg = Release|Any CPU
		{62FD938D-3864-4A31-B963-04CF42E40C99}.Release|x86.Build.0 = Release|Any CPU
		{915273E3-7BB5-4C15-BFF4-5473EB552B97}.Debug|Any CPU.ActiveCfg = Debug|Any CPU
		{915273E3-7BB5-4C15-BFF4-5473EB552B97}.Debug|Any CPU.Build.0 = Debug|Any CPU
		{915273E3-7BB5-4C15-BFF4-5473EB552B97}.Debug|x64.ActiveCfg = Debug|Any CPU
		{915273E3-7BB5-4C15-BFF4-5473EB552B97}.Debug|x64.Build.0 = Debug|Any CPU
		{915273E3-7BB5-4C15-BFF4-5473EB552B97}.Debug|x86.ActiveCfg = Debug|Any CPU
		{915273E3-7BB5-4C15-BFF4-5473EB552B97}.Debug|x86.Build.0 = Debug|Any CPU
		{915273E3-7BB5-4C15-BFF4-5473EB552B97}.Release|Any CPU.ActiveCfg = Release|Any CPU
		{915273E3-7BB5-4C15-BFF4-5473EB552B97}.Release|Any CPU.Build.0 = Release|Any CPU
		{915273E3-7BB5-4C15-BFF4-5473EB552B97}.Release|x64.ActiveCfg = Release|Any CPU
		{915273E3-7BB5-4C15-BFF4-5473EB552B97}.Release|x64.Build.0 = Release|Any CPU
		{915273E3-7BB5-4C15-BFF4-5473EB552B97}.Release|x86.ActiveCfg = Release|Any CPU
		{915273E3-7BB5-4C15-BFF4-5473EB552B97}.Release|x86.Build.0 = Release|Any CPU
		{EF8B0411-42CB-4F53-B55A-5D08AB652153}.Debug|Any CPU.ActiveCfg = Debug|Any CPU
		{EF8B0411-42CB-4F53-B55A-5D08AB652153}.Debug|Any CPU.Build.0 = Debug|Any CPU
		{EF8B0411-42CB-4F53-B55A-5D08AB652153}.Debug|x64.ActiveCfg = Debug|Any CPU
		{EF8B0411-42CB-4F53-B55A-5D08AB652153}.Debug|x64.Build.0 = Debug|Any CPU
		{EF8B0411-42CB-4F53-B55A-5D08AB652153}.Debug|x86.ActiveCfg = Debug|Any CPU
		{EF8B0411-42CB-4F53-B55A-5D08AB652153}.Debug|x86.Build.0 = Debug|Any CPU
		{EF8B0411-42CB-4F53-B55A-5D08AB652153}.Release|Any CPU.ActiveCfg = Release|Any CPU
		{EF8B0411-42CB-4F53-B55A-5D08AB652153}.Release|Any CPU.Build.0 = Release|Any CPU
		{EF8B0411-42CB-4F53-B55A-5D08AB652153}.Release|x64.ActiveCfg = Release|Any CPU
		{EF8B0411-42CB-4F53-B55A-5D08AB652153}.Release|x64.Build.0 = Release|Any CPU
		{EF8B0411-42CB-4F53-B55A-5D08AB652153}.Release|x86.ActiveCfg = Release|Any CPU
		{EF8B0411-42CB-4F53-B55A-5D08AB652153}.Release|x86.Build.0 = Release|Any CPU
		{B8DBC94E-96F7-436B-B4C6-308F19E28965}.Debug|Any CPU.ActiveCfg = Debug|Any CPU
		{B8DBC94E-96F7-436B-B4C6-308F19E28965}.Debug|Any CPU.Build.0 = Debug|Any CPU
		{B8DBC94E-96F7-436B-B4C6-308F19E28965}.Debug|x64.ActiveCfg = Debug|Any CPU
		{B8DBC94E-96F7-436B-B4C6-308F19E28965}.Debug|x64.Build.0 = Debug|Any CPU
		{B8DBC94E-96F7-436B-B4C6-308F19E28965}.Debug|x86.ActiveCfg = Debug|Any CPU
		{B8DBC94E-96F7-436B-B4C6-308F19E28965}.Debug|x86.Build.0 = Debug|Any CPU
		{B8DBC94E-96F7-436B-B4C6-308F19E28965}.Release|Any CPU.ActiveCfg = Release|Any CPU
		{B8DBC94E-96F7-436B-B4C6-308F19E28965}.Release|Any CPU.Build.0 = Release|Any CPU
		{B8DBC94E-96F7-436B-B4C6-308F19E28965}.Release|x64.ActiveCfg = Release|Any CPU
		{B8DBC94E-96F7-436B-B4C6-308F19E28965}.Release|x64.Build.0 = Release|Any CPU
		{B8DBC94E-96F7-436B-B4C6-308F19E28965}.Release|x86.ActiveCfg = Release|Any CPU
		{B8DBC94E-96F7-436B-B4C6-308F19E28965}.Release|x86.Build.0 = Release|Any CPU
	EndGlobalSection
	GlobalSection(SolutionProperties) = preSolution
		HideSolutionNode = FALSE
	EndGlobalSection
	GlobalSection(NestedProjects) = preSolution
		{D7653921-B2D7-4A6F-9CF0-7E8F24ABC366} = {827E0CD3-B72D-47B6-A68D-7590B98EB39B}
		{E01FAAAC-6329-4367-B055-C5236B0452B8} = {827E0CD3-B72D-47B6-A68D-7590B98EB39B}
		{BAC72BBC-2226-40AB-9207-EEFBA1B52BA8} = {827E0CD3-B72D-47B6-A68D-7590B98EB39B}
		{91F49D56-C0FD-4DAB-BD15-6F42A29673B4} = {827E0CD3-B72D-47B6-A68D-7590B98EB39B}
		{9CB7342B-7CB8-45C6-A5A8-390974ABDD2D} = {827E0CD3-B72D-47B6-A68D-7590B98EB39B}
		{FC59A049-EBD3-420B-A935-6B6ED6250C09} = {827E0CD3-B72D-47B6-A68D-7590B98EB39B}
		{6C79A3B1-0E2C-4F2D-A1B0-6E2F5D4C9A11} = {827E0CD3-B72D-47B6-A68D-7590B98EB39B}
		{7A8A1C7B-46A4-4C40-B796-661E868618B9} = {827E0CD3-B72D-47B6-A68D-7590B98EB39B}
		{333870D6-FED3-4F3E-A7E2-BBBD072DB1CF} = {827E0CD3-B72D-47B6-A68D-7590B98EB39B}
		{592FB897-40DF-48E7-99A4-61EB9F678EB3} = {827E0CD3-B72D-47B6-A68D-7590B98EB39B}
		{8892FCF0-B75B-45C3-A173-87EE96696C34} = {827E0CD3-B72D-47B6-A68D-7590B98EB39B}
		{2C3B489E-3353-47D2-9464-71FFFBFFDB24} = {827E0CD3-B72D-47B6-A68D-7590B98EB39B}
		{0B34BD71-2B22-49A1-93DC-C916F3BE86EF} = {827E0CD3-B72D-47B6-A68D-7590B98EB39B}
		{E3D3E429-3E60-43F9-9257-67939072A84F} = {0AB3BF05-4346-4AA6-1389-037BE0695223}
		{62FD938D-3864-4A31-B963-04CF42E40C99} = {0AB3BF05-4346-4AA6-1389-037BE0695223}
		{915273E3-7BB5-4C15-BFF4-5473EB552B97} = {0AB3BF05-4346-4AA6-1389-037BE0695223}
		{EF8B0411-42CB-4F53-B55A-5D08AB652153} = {0AB3BF05-4346-4AA6-1389-037BE0695223}
		{B8DBC94E-96F7-436B-B4C6-308F19E28965} = {0AB3BF05-4346-4AA6-1389-037BE0695223}
	EndGlobalSection
EndGlobal
